// !$*UTF8*$!
{
	archiveVersion = 1;
	classes = {
	};
	objectVersion = 50;
	objects = {

/* Begin PBXBuildFile section */
		A4B60CFE260E418400014470 /* WidgetCenterExampleApp.swift in Sources */ = {isa = PBXBuildFile; fileRef = A4B60CFD260E418400014470 /* WidgetCenterExampleApp.swift */; };
		A4B60D00260E418400014470 /* ContentView.swift in Sources */ = {isa = PBXBuildFile; fileRef = A4B60CFF260E418400014470 /* ContentView.swift */; };
		A4B60D02260E418700014470 /* Assets.xcassets in Resources */ = {isa = PBXBuildFile; fileRef = A4B60D01260E418700014470 /* Assets.xcassets */; };
		A4B60D05260E418700014470 /* Preview Assets.xcassets in Resources */ = {isa = PBXBuildFile; fileRef = A4B60D04260E418700014470 /* Preview Assets.xcassets */; };
		A4B60D6C260F3B2E00014470 /* WidgetTrackerTests.swift in Sources */ = {isa = PBXBuildFile; fileRef = A4B60D6B260F3B2E00014470 /* WidgetTrackerTests.swift */; };
		A4B60D79260F5CFB00014470 /* WidgetStoreSpy.swift in Sources */ = {isa = PBXBuildFile; fileRef = A4B60D78260F5CFB00014470 /* WidgetStoreSpy.swift */; };
		A4B60D7D260F5DAB00014470 /* EvenTrackingSpy.swift in Sources */ = {isa = PBXBuildFile; fileRef = A4B60D7C260F5DAB00014470 /* EvenTrackingSpy.swift */; };
		A4B60D81260F5DDF00014470 /* WidgetTracker.swift in Sources */ = {isa = PBXBuildFile; fileRef = A4B60D80260F5DDF00014470 /* WidgetTracker.swift */; };
		A4B60D85260F5E1600014470 /* WidgetSize.swift in Sources */ = {isa = PBXBuildFile; fileRef = A4B60D84260F5E1600014470 /* WidgetSize.swift */; };
		A4B60D89260F5E3B00014470 /* WidgetStore.swift in Sources */ = {isa = PBXBuildFile; fileRef = A4B60D88260F5E3B00014470 /* WidgetStore.swift */; };
		A4B60D8D260F5E5300014470 /* EvenTracking.swift in Sources */ = {isa = PBXBuildFile; fileRef = A4B60D8C260F5E5300014470 /* EvenTracking.swift */; };
		A4B60D91260F5F7400014470 /* WidgetCenterStore.swift in Sources */ = {isa = PBXBuildFile; fileRef = A4B60D90260F5F7400014470 /* WidgetCenterStore.swift */; };
		A4B60D96260F67F000014470 /* WidgetCenterProtocol.swift in Sources */ = {isa = PBXBuildFile; fileRef = A4B60D95260F67F000014470 /* WidgetCenterProtocol.swift */; };
		A4B60D9A260F681700014470 /* WidgetInfoProtocol.swift in Sources */ = {isa = PBXBuildFile; fileRef = A4B60D99260F681700014470 /* WidgetInfoProtocol.swift */; };
		A4B60DA0260F69D500014470 /* WidgetCenterStoreTests.swift in Sources */ = {isa = PBXBuildFile; fileRef = A4B60D9F260F69D500014470 /* WidgetCenterStoreTests.swift */; };
/* End PBXBuildFile section */

/* Begin PBXContainerItemProxy section */
		A4B60D0C260E418700014470 /* PBXContainerItemProxy */ = {
			isa = PBXContainerItemProxy;
			containerPortal = A4B60CF2260E418400014470 /* Project object */;
			proxyType = 1;
			remoteGlobalIDString = A4B60CF9260E418400014470;
			remoteInfo = WidgetCenterExample;
		};
/* End PBXContainerItemProxy section */

/* Begin PBXFileReference section */
		A4B60CFA260E418400014470 /* WidgetCenterExample.app */ = {isa = PBXFileReference; explicitFileType = wrapper.application; includeInIndex = 0; path = WidgetCenterExample.app; sourceTree = BUILT_PRODUCTS_DIR; };
		A4B60CFD260E418400014470 /* WidgetCenterExampleApp.swift */ = {isa = PBXFileReference; lastKnownFileType = sourcecode.swift; path = WidgetCenterExampleApp.swift; sourceTree = "<group>"; };
		A4B60CFF260E418400014470 /* ContentView.swift */ = {isa = PBXFileReference; lastKnownFileType = sourcecode.swift; path = ContentView.swift; sourceTree = "<group>"; };
		A4B60D01260E418700014470 /* Assets.xcassets */ = {isa = PBXFileReference; lastKnownFileType = folder.assetcatalog; path = Assets.xcassets; sourceTree = "<group>"; };
		A4B60D04260E418700014470 /* Preview Assets.xcassets */ = {isa = PBXFileReference; lastKnownFileType = folder.assetcatalog; path = "Preview Assets.xcassets"; sourceTree = "<group>"; };
		A4B60D06260E418700014470 /* Info.plist */ = {isa = PBXFileReference; lastKnownFileType = text.plist.xml; path = Info.plist; sourceTree = "<group>"; };
		A4B60D0B260E418700014470 /* WidgetCenterExampleTests.xctest */ = {isa = PBXFileReference; explicitFileType = wrapper.cfbundle; includeInIndex = 0; path = WidgetCenterExampleTests.xctest; sourceTree = BUILT_PRODUCTS_DIR; };
		A4B60D11260E418700014470 /* Info.plist */ = {isa = PBXFileReference; lastKnownFileType = text.plist.xml; path = Info.plist; sourceTree = "<group>"; };
		A4B60D6B260F3B2E00014470 /* WidgetTrackerTests.swift */ = {isa = PBXFileReference; lastKnownFileType = sourcecode.swift; path = WidgetTrackerTests.swift; sourceTree = "<group>"; };
		A4B60D78260F5CFB00014470 /* WidgetStoreSpy.swift */ = {isa = PBXFileReference; lastKnownFileType = sourcecode.swift; path = WidgetStoreSpy.swift; sourceTree = "<group>"; };
		A4B60D7C260F5DAB00014470 /* EvenTrackingSpy.swift */ = {isa = PBXFileReference; lastKnownFileType = sourcecode.swift; path = EvenTrackingSpy.swift; sourceTree = "<group>"; };
		A4B60D80260F5DDF00014470 /* WidgetTracker.swift */ = {isa = PBXFileReference; lastKnownFileType = sourcecode.swift; path = WidgetTracker.swift; sourceTree = "<group>"; };
		A4B60D84260F5E1600014470 /* WidgetSize.swift */ = {isa = PBXFileReference; lastKnownFileType = sourcecode.swift; path = WidgetSize.swift; sourceTree = "<group>"; };
		A4B60D88260F5E3B00014470 /* WidgetStore.swift */ = {isa = PBXFileReference; lastKnownFileType = sourcecode.swift; path = WidgetStore.swift; sourceTree = "<group>"; };
		A4B60D8C260F5E5300014470 /* EvenTracking.swift */ = {isa = PBXFileReference; lastKnownFileType = sourcecode.swift; path = EvenTracking.swift; sourceTree = "<group>"; };
		A4B60D90260F5F7400014470 /* WidgetCenterStore.swift */ = {isa = PBXFileReference; lastKnownFileType = sourcecode.swift; path = WidgetCenterStore.swift; sourceTree = "<group>"; };
		A4B60D95260F67F000014470 /* WidgetCenterProtocol.swift */ = {isa = PBXFileReference; lastKnownFileType = sourcecode.swift; path = WidgetCenterProtocol.swift; sourceTree = "<group>"; };
		A4B60D99260F681700014470 /* WidgetInfoProtocol.swift */ = {isa = PBXFileReference; lastKnownFileType = sourcecode.swift; path = WidgetInfoProtocol.swift; sourceTree = "<group>"; };
		A4B60D9F260F69D500014470 /* WidgetCenterStoreTests.swift */ = {isa = PBXFileReference; lastKnownFileType = sourcecode.swift; path = WidgetCenterStoreTests.swift; sourceTree = "<group>"; };
/* End PBXFileReference section */

/* Begin PBXFrameworksBuildPhase section */
		A4B60CF7260E418400014470 /* Frameworks */ = {
			isa = PBXFrameworksBuildPhase;
			buildActionMask = 2147483647;
			files = (
			);
			runOnlyForDeploymentPostprocessing = 0;
		};
		A4B60D08260E418700014470 /* Frameworks */ = {
			isa = PBXFrameworksBuildPhase;
			buildActionMask = 2147483647;
			files = (
			);
			runOnlyForDeploymentPostprocessing = 0;
		};
/* End PBXFrameworksBuildPhase section */

/* Begin PBXGroup section */
		A4B60CF1260E418400014470 = {
			isa = PBXGroup;
			children = (
				A4B60CFC260E418400014470 /* WidgetCenterExample */,
				A4B60D0E260E418700014470 /* WidgetCenterExampleTests */,
				A4B60CFB260E418400014470 /* Products */,
			);
			sourceTree = "<group>";
		};
		A4B60CFB260E418400014470 /* Products */ = {
			isa = PBXGroup;
			children = (
				A4B60CFA260E418400014470 /* WidgetCenterExample.app */,
				A4B60D0B260E418700014470 /* WidgetCenterExampleTests.xctest */,
			);
			name = Products;
			sourceTree = "<group>";
		};
		A4B60CFC260E418400014470 /* WidgetCenterExample */ = {
			isa = PBXGroup;
			children = (
				A4B60D94260F67D900014470 /* Widget */,
				A4B60CFD260E418400014470 /* WidgetCenterExampleApp.swift */,
				A4B60CFF260E418400014470 /* ContentView.swift */,
				A4B60D01260E418700014470 /* Assets.xcassets */,
				A4B60D06260E418700014470 /* Info.plist */,
				A4B60D03260E418700014470 /* Preview Content */,
				A4B60D80260F5DDF00014470 /* WidgetTracker.swift */,
				A4B60D84260F5E1600014470 /* WidgetSize.swift */,
				A4B60D88260F5E3B00014470 /* WidgetStore.swift */,
				A4B60D8C260F5E5300014470 /* EvenTracking.swift */,
			);
			path = WidgetCenterExample;
			sourceTree = "<group>";
		};
		A4B60D03260E418700014470 /* Preview Content */ = {
			isa = PBXGroup;
			children = (
				A4B60D04260E418700014470 /* Preview Assets.xcassets */,
			);
			path = "Preview Content";
			sourceTree = "<group>";
		};
		A4B60D0E260E418700014470 /* WidgetCenterExampleTests */ = {
			isa = PBXGroup;
			children = (
				A4B60D11260E418700014470 /* Info.plist */,
				A4B60D6B260F3B2E00014470 /* WidgetTrackerTests.swift */,
				A4B60D78260F5CFB00014470 /* WidgetStoreSpy.swift */,
				A4B60D7C260F5DAB00014470 /* EvenTrackingSpy.swift */,
				A4B60D9F260F69D500014470 /* WidgetCenterStoreTests.swift */,
			);
			path = WidgetCenterExampleTests;
			sourceTree = "<group>";
		};
		A4B60D94260F67D900014470 /* Widget */ = {
			isa = PBXGroup;
			children = (
				A4B60D95260F67F000014470 /* WidgetCenterProtocol.swift */,
				A4B60D99260F681700014470 /* WidgetInfoProtocol.swift */,
				A4B60D90260F5F7400014470 /* WidgetCenterStore.swift */,
			);
			path = Widget;
			sourceTree = "<group>";
		};
/* End PBXGroup section */

/* Begin PBXNativeTarget section */
		A4B60CF9260E418400014470 /* WidgetCenterExample */ = {
			isa = PBXNativeTarget;
			buildConfigurationList = A4B60D1F260E418700014470 /* Build configuration list for PBXNativeTarget "WidgetCenterExample" */;
			buildPhases = (
				A4B60CF6260E418400014470 /* Sources */,
				A4B60CF7260E418400014470 /* Frameworks */,
				A4B60CF8260E418400014470 /* Resources */,
			);
			buildRules = (
			);
			dependencies = (
			);
			name = WidgetCenterExample;
			productName = WidgetCenterExample;
			productReference = A4B60CFA260E418400014470 /* WidgetCenterExample.app */;
			productType = "com.apple.product-type.application";
		};
		A4B60D0A260E418700014470 /* WidgetCenterExampleTests */ = {
			isa = PBXNativeTarget;
			buildConfigurationList = A4B60D22260E418700014470 /* Build configuration list for PBXNativeTarget "WidgetCenterExampleTests" */;
			buildPhases = (
				A4B60D07260E418700014470 /* Sources */,
				A4B60D08260E418700014470 /* Frameworks */,
				A4B60D09260E418700014470 /* Resources */,
			);
			buildRules = (
			);
			dependencies = (
				A4B60D0D260E418700014470 /* PBXTargetDependency */,
			);
			name = WidgetCenterExampleTests;
			productName = WidgetCenterExampleTests;
			productReference = A4B60D0B260E418700014470 /* WidgetCenterExampleTests.xctest */;
			productType = "com.apple.product-type.bundle.unit-test";
		};
/* End PBXNativeTarget section */

/* Begin PBXProject section */
		A4B60CF2260E418400014470 /* Project object */ = {
			isa = PBXProject;
			attributes = {
				LastSwiftUpdateCheck = 1240;
				LastUpgradeCheck = 1240;
				TargetAttributes = {
					A4B60CF9260E418400014470 = {
						CreatedOnToolsVersion = 12.4;
					};
					A4B60D0A260E418700014470 = {
						CreatedOnToolsVersion = 12.4;
						TestTargetID = A4B60CF9260E418400014470;
					};
				};
			};
			buildConfigurationList = A4B60CF5260E418400014470 /* Build configuration list for PBXProject "WidgetCenterExample" */;
			compatibilityVersion = "Xcode 9.3";
			developmentRegion = en;
			hasScannedForEncodings = 0;
			knownRegions = (
				en,
				Base,
			);
			mainGroup = A4B60CF1260E418400014470;
			productRefGroup = A4B60CFB260E418400014470 /* Products */;
			projectDirPath = "";
			projectRoot = "";
			targets = (
				A4B60CF9260E418400014470 /* WidgetCenterExample */,
				A4B60D0A260E418700014470 /* WidgetCenterExampleTests */,
			);
		};
/* End PBXProject section */

/* Begin PBXResourcesBuildPhase section */
		A4B60CF8260E418400014470 /* Resources */ = {
			isa = PBXResourcesBuildPhase;
			buildActionMask = 2147483647;
			files = (
				A4B60D05260E418700014470 /* Preview Assets.xcassets in Resources */,
				A4B60D02260E418700014470 /* Assets.xcassets in Resources */,
			);
			runOnlyForDeploymentPostprocessing = 0;
		};
		A4B60D09260E418700014470 /* Resources */ = {
			isa = PBXResourcesBuildPhase;
			buildActionMask = 2147483647;
			files = (
			);
			runOnlyForDeploymentPostprocessing = 0;
		};
/* End PBXResourcesBuildPhase section */

/* Begin PBXSourcesBuildPhase section */
		A4B60CF6260E418400014470 /* Sources */ = {
			isa = PBXSourcesBuildPhase;
			buildActionMask = 2147483647;
			files = (
				A4B60D9A260F681700014470 /* WidgetInfoProtocol.swift in Sources */,
				A4B60D8D260F5E5300014470 /* EvenTracking.swift in Sources */,
				A4B60D81260F5DDF00014470 /* WidgetTracker.swift in Sources */,
				A4B60D91260F5F7400014470 /* WidgetCenterStore.swift in Sources */,
				A4B60D00260E418400014470 /* ContentView.swift in Sources */,
				A4B60D96260F67F000014470 /* WidgetCenterProtocol.swift in Sources */,
				A4B60D85260F5E1600014470 /* WidgetSize.swift in Sources */,
				A4B60CFE260E418400014470 /* WidgetCenterExampleApp.swift in Sources */,
				A4B60D89260F5E3B00014470 /* WidgetStore.swift in Sources */,
			);
			runOnlyForDeploymentPostprocessing = 0;
		};
		A4B60D07260E418700014470 /* Sources */ = {
			isa = PBXSourcesBuildPhase;
			buildActionMask = 2147483647;
			files = (
				A4B60DA0260F69D500014470 /* WidgetCenterStoreTests.swift in Sources */,
				A4B60D79260F5CFB00014470 /* WidgetStoreSpy.swift in Sources */,
				A4B60D7D260F5DAB00014470 /* EvenTrackingSpy.swift in Sources */,
				A4B60D6C260F3B2E00014470 /* WidgetTrackerTests.swift in Sources */,
			);
			runOnlyForDeploymentPostprocessing = 0;
		};
/* End PBXSourcesBuildPhase section */

/* Begin PBXTargetDependency section */
		A4B60D0D260E418700014470 /* PBXTargetDependency */ = {
			isa = PBXTargetDependency;
			target = A4B60CF9260E418400014470 /* WidgetCenterExample */;
			targetProxy = A4B60D0C260E418700014470 /* PBXContainerItemProxy */;
		};
/* End PBXTargetDependency section */

/* Begin XCBuildConfiguration section */
		A4B60D1D260E418700014470 /* Debug */ = {
			isa = XCBuildConfiguration;
			buildSettings = {
				ALWAYS_SEARCH_USER_PATHS = NO;
				CLANG_ANALYZER_NONNULL = YES;
				CLANG_ANALYZER_NUMBER_OBJECT_CONVERSION = YES_AGGRESSIVE;
				CLANG_CXX_LANGUAGE_STANDARD = "gnu++14";
				CLANG_CXX_LIBRARY = "libc++";
				CLANG_ENABLE_MODULES = YES;
				CLANG_ENABLE_OBJC_ARC = YES;
				CLANG_ENABLE_OBJC_WEAK = YES;
				CLANG_WARN_BLOCK_CAPTURE_AUTORELEASING = YES;
				CLANG_WARN_BOOL_CONVERSION = YES;
				CLANG_WARN_COMMA = YES;
				CLANG_WARN_CONSTANT_CONVERSION = YES;
				CLANG_WARN_DEPRECATED_OBJC_IMPLEMENTATIONS = YES;
				CLANG_WARN_DIRECT_OBJC_ISA_USAGE = YES_ERROR;
				CLANG_WARN_DOCUMENTATION_COMMENTS = YES;
				CLANG_WARN_EMPTY_BODY = YES;
				CLANG_WARN_ENUM_CONVERSION = YES;
				CLANG_WARN_INFINITE_RECURSION = YES;
				CLANG_WARN_INT_CONVERSION = YES;
				CLANG_WARN_NON_LITERAL_NULL_CONVERSION = YES;
				CLANG_WARN_OBJC_IMPLICIT_RETAIN_SELF = YES;
				CLANG_WARN_OBJC_LITERAL_CONVERSION = YES;
				CLANG_WARN_OBJC_ROOT_CLASS = YES_ERROR;
				CLANG_WARN_QUOTED_INCLUDE_IN_FRAMEWORK_HEADER = YES;
				CLANG_WARN_RANGE_LOOP_ANALYSIS = YES;
				CLANG_WARN_STRICT_PROTOTYPES = YES;
				CLANG_WARN_SUSPICIOUS_MOVE = YES;
				CLANG_WARN_UNGUARDED_AVAILABILITY = YES_AGGRESSIVE;
				CLANG_WARN_UNREACHABLE_CODE = YES;
				CLANG_WARN__DUPLICATE_METHOD_MATCH = YES;
				COPY_PHASE_STRIP = NO;
				DEBUG_INFORMATION_FORMAT = dwarf;
				ENABLE_STRICT_OBJC_MSGSEND = YES;
				ENABLE_TESTABILITY = YES;
				GCC_C_LANGUAGE_STANDARD = gnu11;
				GCC_DYNAMIC_NO_PIC = NO;
				GCC_NO_COMMON_BLOCKS = YES;
				GCC_OPTIMIZATION_LEVEL = 0;
				GCC_PREPROCESSOR_DEFINITIONS = (
					"DEBUG=1",
					"$(inherited)",
				);
				GCC_WARN_64_TO_32_BIT_CONVERSION = YES;
				GCC_WARN_ABOUT_RETURN_TYPE = YES_ERROR;
				GCC_WARN_UNDECLARED_SELECTOR = YES;
				GCC_WARN_UNINITIALIZED_AUTOS = YES_AGGRESSIVE;
				GCC_WARN_UNUSED_FUNCTION = YES;
				GCC_WARN_UNUSED_VARIABLE = YES;
				IPHONEOS_DEPLOYMENT_TARGET = 14.4;
				MTL_ENABLE_DEBUG_INFO = INCLUDE_SOURCE;
				MTL_FAST_MATH = YES;
				ONLY_ACTIVE_ARCH = YES;
				SDKROOT = iphoneos;
				SWIFT_ACTIVE_COMPILATION_CONDITIONS = DEBUG;
				SWIFT_OPTIMIZATION_LEVEL = "-Onone";
			};
			name = Debug;
		};
		A4B60D1E260E418700014470 /* Release */ = {
			isa = XCBuildConfiguration;
			buildSettings = {
				ALWAYS_SEARCH_USER_PATHS = NO;
				CLANG_ANALYZER_NONNULL = YES;
				CLANG_ANALYZER_NUMBER_OBJECT_CONVERSION = YES_AGGRESSIVE;
				CLANG_CXX_LANGUAGE_STANDARD = "gnu++14";
				CLANG_CXX_LIBRARY = "libc++";
				CLANG_ENABLE_MODULES = YES;
				CLANG_ENABLE_OBJC_ARC = YES;
				CLANG_ENABLE_OBJC_WEAK = YES;
				CLANG_WARN_BLOCK_CAPTURE_AUTORELEASING = YES;
				CLANG_WARN_BOOL_CONVERSION = YES;
				CLANG_WARN_COMMA = YES;
				CLANG_WARN_CONSTANT_CONVERSION = YES;
				CLANG_WARN_DEPRECATED_OBJC_IMPLEMENTATIONS = YES;
				CLANG_WARN_DIRECT_OBJC_ISA_USAGE = YES_ERROR;
				CLANG_WARN_DOCUMENTATION_COMMENTS = YES;
				CLANG_WARN_EMPTY_BODY = YES;
				CLANG_WARN_ENUM_CONVERSION = YES;
				CLANG_WARN_INFINITE_RECURSION = YES;
				CLANG_WARN_INT_CONVERSION = YES;
				CLANG_WARN_NON_LITERAL_NULL_CONVERSION = YES;
				CLANG_WARN_OBJC_IMPLICIT_RETAIN_SELF = YES;
				CLANG_WARN_OBJC_LITERAL_CONVERSION = YES;
				CLANG_WARN_OBJC_ROOT_CLASS = YES_ERROR;
				CLANG_WARN_QUOTED_INCLUDE_IN_FRAMEWORK_HEADER = YES;
				CLANG_WARN_RANGE_LOOP_ANALYSIS = YES;
				CLANG_WARN_STRICT_PROTOTYPES = YES;
				CLANG_WARN_SUSPICIOUS_MOVE = YES;
				CLANG_WARN_UNGUARDED_AVAILABILITY = YES_AGGRESSIVE;
				CLANG_WARN_UNREACHABLE_CODE = YES;
				CLANG_WARN__DUPLICATE_METHOD_MATCH = YES;
				COPY_PHASE_STRIP = NO;
				DEBUG_INFORMATION_FORMAT = "dwarf-with-dsym";
				ENABLE_NS_ASSERTIONS = NO;
				ENABLE_STRICT_OBJC_MSGSEND = YES;
				GCC_C_LANGUAGE_STANDARD = gnu11;
				GCC_NO_COMMON_BLOCKS = YES;
				GCC_WARN_64_TO_32_BIT_CONVERSION = YES;
				GCC_WARN_ABOUT_RETURN_TYPE = YES_ERROR;
				GCC_WARN_UNDECLARED_SELECTOR = YES;
				GCC_WARN_UNINITIALIZED_AUTOS = YES_AGGRESSIVE;
				GCC_WARN_UNUSED_FUNCTION = YES;
				GCC_WARN_UNUSED_VARIABLE = YES;
				IPHONEOS_DEPLOYMENT_TARGET = 14.4;
				MTL_ENABLE_DEBUG_INFO = NO;
				MTL_FAST_MATH = YES;
				SDKROOT = iphoneos;
				SWIFT_COMPILATION_MODE = wholemodule;
				SWIFT_OPTIMIZATION_LEVEL = "-O";
				VALIDATE_PRODUCT = YES;
			};
			name = Release;
		};
		A4B60D20260E418700014470 /* Debug */ = {
			isa = XCBuildConfiguration;
			buildSettings = {
				ASSETCATALOG_COMPILER_APPICON_NAME = AppIcon;
				ASSETCATALOG_COMPILER_GLOBAL_ACCENT_COLOR_NAME = AccentColor;
				CODE_SIGN_STYLE = Automatic;
				DEVELOPMENT_ASSET_PATHS = "\"WidgetCenterExample/Preview Content\"";
				DEVELOPMENT_TEAM = SAR2G9PZXH;
				ENABLE_PREVIEWS = YES;
				INFOPLIST_FILE = WidgetCenterExample/Info.plist;
				IPHONEOS_DEPLOYMENT_TARGET = 14.0;
				LD_RUNPATH_SEARCH_PATHS = (
					"$(inherited)",
					"@executable_path/Frameworks",
				);
				PRODUCT_BUNDLE_IDENTIFIER = cardenas.fernando.WidgetCenterExample;
				PRODUCT_NAME = "$(TARGET_NAME)";
				SWIFT_VERSION = 5.0;
				TARGETED_DEVICE_FAMILY = "1,2";
			};
			name = Debug;
		};
		A4B60D21260E418700014470 /* Release */ = {
			isa = XCBuildConfiguration;
			buildSettings = {
				ASSETCATALOG_COMPILER_APPICON_NAME = AppIcon;
				ASSETCATALOG_COMPILER_GLOBAL_ACCENT_COLOR_NAME = AccentColor;
				CODE_SIGN_STYLE = Automatic;
				DEVELOPMENT_ASSET_PATHS = "\"WidgetCenterExample/Preview Content\"";
				DEVELOPMENT_TEAM = SAR2G9PZXH;
				ENABLE_PREVIEWS = YES;
				INFOPLIST_FILE = WidgetCenterExample/Info.plist;
				IPHONEOS_DEPLOYMENT_TARGET = 14.0;
				LD_RUNPATH_SEARCH_PATHS = (
					"$(inherited)",
					"@executable_path/Frameworks",
				);
				PRODUCT_BUNDLE_IDENTIFIER = cardenas.fernando.WidgetCenterExample;
				PRODUCT_NAME = "$(TARGET_NAME)";
				SWIFT_VERSION = 5.0;
				TARGETED_DEVICE_FAMILY = "1,2";
			};
			name = Release;
		};
		A4B60D23260E418700014470 /* Debug */ = {
			isa = XCBuildConfiguration;
			buildSettings = {
				ALWAYS_EMBED_SWIFT_STANDARD_LIBRARIES = YES;
				BUNDLE_LOADER = "$(TEST_HOST)";
				CODE_SIGN_STYLE = Automatic;
				DEVELOPMENT_TEAM = SAR2G9PZXH;
				INFOPLIST_FILE = WidgetCenterExampleTests/Info.plist;
				IPHONEOS_DEPLOYMENT_TARGET = 14.0;
				LD_RUNPATH_SEARCH_PATHS = (
					"$(inherited)",
					"@executable_path/Frameworks",
					"@loader_path/Frameworks",
				);
				PRODUCT_BUNDLE_IDENTIFIER = cardenas.fernando.WidgetCenterExampleTests;
				PRODUCT_NAME = "$(TARGET_NAME)";
				SWIFT_VERSION = 5.0;
				TARGETED_DEVICE_FAMILY = "1,2";
				TEST_HOST = "$(BUILT_PRODUCTS_DIR)/WidgetCenterExample.app/WidgetCenterExample";
			};
			name = Debug;
		};
		A4B60D24260E418700014470 /* Release */ = {
			isa = XCBuildConfiguration;
			buildSettings = {
				ALWAYS_EMBED_SWIFT_STANDARD_LIBRARIES = YES;
				BUNDLE_LOADER = "$(TEST_HOST)";
				CODE_SIGN_STYLE = Automatic;
				DEVELOPMENT_TEAM = SAR2G9PZXH;
				INFOPLIST_FILE = WidgetCenterExampleTests/Info.plist;
				IPHONEOS_DEPLOYMENT_TARGET = 14.0;
				LD_RUNPATH_SEARCH_PATHS = (
					"$(inherited)",
					"@executable_path/Frameworks",
					"@loader_path/Frameworks",
				);
				PRODUCT_BUNDLE_IDENTIFIER = cardenas.fernando.WidgetCenterExampleTests;
				PRODUCT_NAME = "$(TARGET_NAME)";
				SWIFT_VERSION = 5.0;
				TARGETED_DEVICE_FAMILY = "1,2";
				TEST_HOST = "$(BUILT_PRODUCTS_DIR)/WidgetCenterExample.app/WidgetCenterExample";
			};
			name = Release;
		};
/* End XCBuildConfiguration section */

/* Begin XCConfigurationList section */
		A4B60CF5260E418400014470 /* Build configuration list for PBXProject "WidgetCenterExample" */ = {
			isa = XCConfigurationList;
			buildConfigurations = (
				A4B60D1D260E418700014470 /* Debug */,
				A4B60D1E260E418700014470 /* Release */,
			);
			defaultConfigurationIsVisible = 0;
			defaultConfigurationName = Release;
		};
		A4B60D1F260E418700014470 /* Build configuration list for PBXNativeTarget "WidgetCenterExample" */ = {
			isa = XCConfigurationList;
			buildConfigurations = (
				A4B60D20260E418700014470 /* Debug */,
				A4B60D21260E418700014470 /* Release */,
			);
			defaultConfigurationIsVisible = 0;
			defaultConfigurationName = Release;
		};
		A4B60D22260E418700014470 /* Build configuration list for PBXNativeTarget "WidgetCenterExampleTests" */ = {
			isa = XCConfigurationList;
			buildConfigurations = (
				A4B60D23260E418700014470 /* Debug */,
				A4B60D24260E418700014470 /* Release */,
			);
			defaultConfigurationIsVisible = 0;
			defaultConfigurationName = Release;
		};
/* End XCConfigurationList section */
	};
	rootObject = A4B60CF2260E418400014470 /* Project object */;
}
